{
  "name": "lib",
  "lockfileVersion": 3,
  "requires": true,
  "packages": {
    "": {
      "dependencies": {
        "xmlbuilder2": "^4.0.0"
      }
    },
    "node_modules/@oozcitak/dom": {
      "version": "2.0.1",
      "resolved": "https://registry.npmjs.org/@oozcitak/dom/-/dom-2.0.1.tgz",
      "integrity": "sha512-Un5k8MKqGak1LQM/behcHylmGdRopBXZax19weVedEAIrOCRZooY+MvX4Ehcz0ftOEPgYZ7vjIm/+MokVBFO3w==",
      "dependencies": {
        "@oozcitak/infra": "^2.0.1",
        "@oozcitak/url": "^2.0.1",
        "@oozcitak/util": "^9.0.2"
      },
      "engines": {
        "node": ">=20.0"
      }
    },
    "node_modules/@oozcitak/infra": {
      "version": "2.0.1",
      "resolved": "https://registry.npmjs.org/@oozcitak/infra/-/infra-2.0.1.tgz",
      "integrity": "sha512-TtjI+kducm0ExL3OTKglPLkAIQ3alq0Otbokml62haZESfQaL3ojLJxl7+UTBhWCkBBuCshzGEEYmX5MXo8WOg==",
      "dependencies": {
        "@oozcitak/util": "~9.0.2"
      },
      "engines": {
        "node": ">=20.0"
      }
    },
    "node_modules/@oozcitak/url": {
      "version": "2.0.1",
      "resolved": "https://registry.npmjs.org/@oozcitak/url/-/url-2.0.1.tgz",
      "integrity": "sha512-lLHUQUyYy86q+qbALr0TMVh+VQAYwNGbsxBx4LhfjvkNYG0hgAwWtq7ePebGs2nEhZmmIFl24ikuCpH2r5d3+A==",
      "dependencies": {
        "@oozcitak/infra": "^2.0.1",
        "@oozcitak/util": "^9.0.2"
      },
      "engines": {
        "node": ">=20.0"
      }
    },
    "node_modules/@oozcitak/util": {
      "version": "9.0.4",
      "resolved": "https://registry.npmjs.org/@oozcitak/util/-/util-9.0.4.tgz",
      "integrity": "sha512-kmx1hRJlsvxiTCpK97off59LqSEOtkWOPe4rdfFL8TjZtihYSTVNObIfc86jtLngfnuIuuTRt+TUCgRS220RSQ==",
      "engines": {
        "node": ">=20.0"
      }
    },
    "node_modules/argparse": {
      "version": "2.0.1",
      "resolved": "https://registry.npmjs.org/argparse/-/argparse-2.0.1.tgz",
      "integrity": "sha512-8+9WqebbFzpX9OR+Wa6O29asIogeRMzcGtAINdpMHHyAg10f05aSFVBbcEqGf/PXw1EjAZ+q2/bEBg3DvurK3Q=="
    },
    "node_modules/js-yaml": {
      "version": "4.1.1",
      "resolved": "https://registry.npmjs.org/js-yaml/-/js-yaml-4.1.1.tgz",
      "integrity": "sha512-qQKT4zQxXl8lLwBtHMWwaTcGfFOZviOJet3Oy/xmGk2gZH677CJM9EvtfdSkgWcATZhj/55JZ0rmy3myCT5lsA==",
      "dependencies": {
        "argparse": "^2.0.1"
      },
      "bin": {
        "js-yaml": "bin/js-yaml.js"
      }
    },
    "node_modules/xmlbuilder2": {
      "version": "4.0.0",
      "resolved": "https://registry.npmjs.org/xmlbuilder2/-/xmlbuilder2-4.0.0.tgz",
      "integrity": "sha512-zIoY033NGmbzHX1cYOGKNfeWpZyiGLzXGHNoxQ6tR/R+WqT7mqz+EDtFdPwqnhIms6vHz9BNtMS47DiGPyGfwg==",
      "dependencies": {
        "@oozcitak/dom": "^2.0.1",
        "@oozcitak/infra": "^2.0.1",
        "@oozcitak/util": "^9.0.4",
        "js-yaml": "^4.1.0"
      },
      "engines": {
        "node": ">=20.0"
      }
    }
  }
}
